
Microsoft Visual Studio Solution File, Format Version 12.00
# Visual Studio Version 17
VisualStudioVersion = 17.10.35004.147
MinimumVisualStudioVersion = 10.0.40219.1
Project("{9A19103F-16F7-4668-BE54-9A1E7A4F7556}") = "27_Assemblies", "27_Assemblies\27_Assemblies.csproj", "{45C06714-BDA7-4AF4-BC02-42158C7C2F0C}"
EndProject
Project("{FAE04EC0-301F-11D3-BF4B-00C04F79EFBC}") = "DemoLib", "DemoLib\DemoLib.csproj", "{C86D1769-C7A6-4FA3-97BC-D09F20C072F7}"
EndProject
Global
	GlobalSection(SolutionConfigurationPlatforms) = preSolution
		Debug|Any CPU = Debug|Any CPU
		Release|Any CPU = Release|Any CPU
	EndGlobalSection
	GlobalSection(ProjectConfigurationPlatforms) = postSolution
		{45C06714-BDA7-4AF4-BC02-42158C7C2F0C}.Debug|Any CPU.ActiveCfg = Debug|Any CPU
		{45C06714-BDA7-4AF4-BC02-42158C7C2F0C}.Debug|Any CPU.Build.0 = Debug|Any CPU
		{45C06714-BDA7-4AF4-BC02-42158C7C2F0C}.Release|Any CPU.ActiveCfg = Release|Any CPU
		{45C06714-BDA7-4AF4-BC02-42158C7C2F0C}.Release|Any CPU.Build.0 = Release|Any CPU
		{C86D1769-C7A6-4FA3-97BC-D09F20C072F7}.Debug|Any CPU.ActiveCfg = Debug|Any CPU
		{C86D1769-C7A6-4FA3-97BC-D09F20C072F7}.Debug|Any CPU.Build.0 = Debug|Any CPU
		{C86D1769-C7A6-4FA3-97BC-D09F20C072F7}.Release|Any CPU.ActiveCfg = Release|Any CPU
		{C86D1769-C7A6-4FA3-97BC-D09F20C072F7}.Release|Any CPU.Build.0 = Release|Any CPU
	EndGlobalSection
	GlobalSection(SolutionProperties) = preSolution
		HideSolutionNode = FALSE
	EndGlobalSection
	GlobalSection(ExtensibilityGlobals) = postSolution
		SolutionGuid = {C9E9A62B-6ECC-4432-AE0B-285D3368C096}
	EndGlobalSection
EndGlobal
