
Microsoft Visual Studio Solution File, Format Version 12.00
# Visual Studio Version 17
VisualStudioVersion = 17.10.35004.147
MinimumVisualStudioVersion = 10.0.40219.1
Project("{FAE04EC0-301F-11D3-BF4B-00C04F79EFBC}") = "20_Interface", "20_Interface\20_Interface.csproj", "{C20D8A8B-292E-4A53-8A5C-C52313F52768}"
EndProject
Project("{FAE04EC0-301F-11D3-BF4B-00C04F79EFBC}") = "RealUseCase", "RealUseCase\RealUseCase.csproj", "{DD9741EB-8E94-419B-A080-2D16EA12F6BA}"
EndProject
Global
	GlobalSection(SolutionConfigurationPlatforms) = preSolution
		Debug|Any CPU = Debug|Any CPU
		Release|Any CPU = Release|Any CPU
	EndGlobalSection
	GlobalSection(ProjectConfigurationPlatforms) = postSolution
		{C20D8A8B-292E-4A53-8A5C-C52313F52768}.Debug|Any CPU.ActiveCfg = Debug|Any CPU
		{C20D8A8B-292E-4A53-8A5C-C52313F52768}.Debug|Any CPU.Build.0 = Debug|Any CPU
		{C20D8A8B-292E-4A53-8A5C-C52313F52768}.Release|Any CPU.ActiveCfg = Release|Any CPU
		{C20D8A8B-292E-4A53-8A5C-C52313F52768}.Release|Any CPU.Build.0 = Release|Any CPU
		{DD9741EB-8E94-419B-A080-2D16EA12F6BA}.Debug|Any CPU.ActiveCfg = Debug|Any CPU
		{DD9741EB-8E94-419B-A080-2D16EA12F6BA}.Debug|Any CPU.Build.0 = Debug|Any CPU
		{DD9741EB-8E94-419B-A080-2D16EA12F6BA}.Release|Any CPU.ActiveCfg = Release|Any CPU
		{DD9741EB-8E94-419B-A080-2D16EA12F6BA}.Release|Any CPU.Build.0 = Release|Any CPU
	EndGlobalSection
	GlobalSection(SolutionProperties) = preSolution
		HideSolutionNode = FALSE
	EndGlobalSection
	GlobalSection(ExtensibilityGlobals) = postSolution
		SolutionGuid = {103DA3B7-B32C-45FA-A6EB-972A8BF6701A}
	EndGlobalSection
EndGlobal
