
Microsoft Visual Studio Solution File, Format Version 12.00
# Visual Studio Version 17
VisualStudioVersion = 17.10.35004.147
MinimumVisualStudioVersion = 10.0.40219.1
Project("{FAE04EC0-301F-11D3-BF4B-00C04F79EFBC}") = "03_Arrays", "03_Arrays\03_Arrays.csproj", "{B6E75356-2684-4D1F-96B0-A187B2A1863C}"
EndProject
Global
	GlobalSection(SolutionConfigurationPlatforms) = preSolution
		Debug|Any CPU = Debug|Any CPU
		Release|Any CPU = Release|Any CPU
	EndGlobalSection
	GlobalSection(ProjectConfigurationPlatforms) = postSolution
		{B6E75356-2684-4D1F-96B0-A187B2A1863C}.Debug|Any CPU.ActiveCfg = Debug|Any CPU
		{B6E75356-2684-4D1F-96B0-A187B2A1863C}.Debug|Any CPU.Build.0 = Debug|Any CPU
		{B6E75356-2684-4D1F-96B0-A187B2A1863C}.Release|Any CPU.ActiveCfg = Release|Any CPU
		{B6E75356-2684-4D1F-96B0-A187B2A1863C}.Release|Any CPU.Build.0 = Release|Any CPU
	EndGlobalSection
	GlobalSection(SolutionProperties) = preSolution
		HideSolutionNode = FALSE
	EndGlobalSection
	GlobalSection(ExtensibilityGlobals) = postSolution
		SolutionGuid = {874DB078-2D73-4491-B001-DD294D3CBF80}
	EndGlobalSection
EndGlobal
