
Microsoft Visual Studio Solution File, Format Version 12.00
# Visual Studio Version 17
VisualStudioVersion = 17.10.35004.147
MinimumVisualStudioVersion = 10.0.40219.1
Project("{FAE04EC0-301F-11D3-BF4B-00C04F79EFBC}") = "09_OOP_Properties", "09_OOP_Properties.csproj", "{7B4C0984-45C6-4A8C-A200-B37F5C902ED1}"
EndProject
Global
	GlobalSection(SolutionConfigurationPlatforms) = preSolution
		Debug|Any CPU = Debug|Any CPU
		Release|Any CPU = Release|Any CPU
	EndGlobalSection
	GlobalSection(ProjectConfigurationPlatforms) = postSolution
		{7B4C0984-45C6-4A8C-A200-B37F5C902ED1}.Debug|Any CPU.ActiveCfg = Debug|Any CPU
		{7B4C0984-45C6-4A8C-A200-B37F5C902ED1}.Debug|Any CPU.Build.0 = Debug|Any CPU
		{7B4C0984-45C6-4A8C-A200-B37F5C902ED1}.Release|Any CPU.ActiveCfg = Release|Any CPU
		{7B4C0984-45C6-4A8C-A200-B37F5C902ED1}.Release|Any CPU.Build.0 = Release|Any CPU
	EndGlobalSection
	GlobalSection(SolutionProperties) = preSolution
		HideSolutionNode = FALSE
	EndGlobalSection
	GlobalSection(ExtensibilityGlobals) = postSolution
		SolutionGuid = {E6B0F91B-EC54-4986-89AC-E66A30C0344A}
	EndGlobalSection
EndGlobal
