
Microsoft Visual Studio Solution File, Format Version 12.00
# Visual Studio Version 17
VisualStudioVersion = 17.10.35004.147
MinimumVisualStudioVersion = 10.0.40219.1
Project("{9A19103F-16F7-4668-BE54-9A1E7A4F7556}") = "01_Lists", "01_Lists\01_Lists.csproj", "{B3F00BF9-E28C-4829-9AA8-7BF63A7B59A0}"
EndProject
Project("{FAE04EC0-301F-11D3-BF4B-00C04F79EFBC}") = "02_Dictionary", "02_Dictionary\02_Dictionary.csproj", "{B11EBF97-C309-4186-9691-319741C9E869}"
EndProject
Global
	GlobalSection(SolutionConfigurationPlatforms) = preSolution
		Debug|Any CPU = Debug|Any CPU
		Release|Any CPU = Release|Any CPU
	EndGlobalSection
	GlobalSection(ProjectConfigurationPlatforms) = postSolution
		{B3F00BF9-E28C-4829-9AA8-7BF63A7B59A0}.Debug|Any CPU.ActiveCfg = Debug|Any CPU
		{B3F00BF9-E28C-4829-9AA8-7BF63A7B59A0}.Debug|Any CPU.Build.0 = Debug|Any CPU
		{B3F00BF9-E28C-4829-9AA8-7BF63A7B59A0}.Release|Any CPU.ActiveCfg = Release|Any CPU
		{B3F00BF9-E28C-4829-9AA8-7BF63A7B59A0}.Release|Any CPU.Build.0 = Release|Any CPU
		{B11EBF97-C309-4186-9691-319741C9E869}.Debug|Any CPU.ActiveCfg = Debug|Any CPU
		{B11EBF97-C309-4186-9691-319741C9E869}.Debug|Any CPU.Build.0 = Debug|Any CPU
		{B11EBF97-C309-4186-9691-319741C9E869}.Release|Any CPU.ActiveCfg = Release|Any CPU
		{B11EBF97-C309-4186-9691-319741C9E869}.Release|Any CPU.Build.0 = Release|Any CPU
	EndGlobalSection
	GlobalSection(SolutionProperties) = preSolution
		HideSolutionNode = FALSE
	EndGlobalSection
	GlobalSection(ExtensibilityGlobals) = postSolution
		SolutionGuid = {446632F0-E8BC-4EE4-A4C3-D2259A874A4F}
	EndGlobalSection
EndGlobal
