
Microsoft Visual Studio Solution File, Format Version 12.00
# Visual Studio Version 17
VisualStudioVersion = 17.10.35004.147
MinimumVisualStudioVersion = 10.0.40219.1
Project("{FAE04EC0-301F-11D3-BF4B-00C04F79EFBC}") = "11_Delegate", "11_Delegate.csproj", "{0BBA8C60-8F86-4EF7-ACB9-D73AD48ED745}"
EndProject
Global
	GlobalSection(SolutionConfigurationPlatforms) = preSolution
		Debug|Any CPU = Debug|Any CPU
		Release|Any CPU = Release|Any CPU
	EndGlobalSection
	GlobalSection(ProjectConfigurationPlatforms) = postSolution
		{0BBA8C60-8F86-4EF7-ACB9-D73AD48ED745}.Debug|Any CPU.ActiveCfg = Debug|Any CPU
		{0BBA8C60-8F86-4EF7-ACB9-D73AD48ED745}.Debug|Any CPU.Build.0 = Debug|Any CPU
		{0BBA8C60-8F86-4EF7-ACB9-D73AD48ED745}.Release|Any CPU.ActiveCfg = Release|Any CPU
		{0BBA8C60-8F86-4EF7-ACB9-D73AD48ED745}.Release|Any CPU.Build.0 = Release|Any CPU
	EndGlobalSection
	GlobalSection(SolutionProperties) = preSolution
		HideSolutionNode = FALSE
	EndGlobalSection
	GlobalSection(ExtensibilityGlobals) = postSolution
		SolutionGuid = {25059B61-34C0-45DD-8EDF-CBDD07A93C78}
	EndGlobalSection
EndGlobal
