
Microsoft Visual Studio Solution File, Format Version 12.00
# Visual Studio Version 17
VisualStudioVersion = 17.10.35004.147
MinimumVisualStudioVersion = 10.0.40219.1
Project("{9A19103F-16F7-4668-BE54-9A1E7A4F7556}") = "01_XMLSerialization", "01_XMLSerialization\01_XMLSerialization.csproj", "{909BC13D-7AF9-4B7C-B71F-7EB7527246C0}"
EndProject
Project("{9A19103F-16F7-4668-BE54-9A1E7A4F7556}") = "02_BinarySerialization", "02_BinarySerialization\02_BinarySerialization.csproj", "{B5C95CB3-56FA-4FF0-BDD2-09D3C8170C4E}"
EndProject
Project("{9A19103F-16F7-4668-BE54-9A1E7A4F7556}") = "03_JsonSerializer", "03_JsonSerializer\03_JsonSerializer.csproj", "{31896EC4-0493-4DB7-A409-CEB72FF742A7}"
EndProject
Project("{FAE04EC0-301F-11D3-BF4B-00C04F79EFBC}") = "04_HttpClientJson", "04_HttpClientJson\04_HttpClientJson.csproj", "{B815607D-CB39-4196-B9F4-70FFADB71AF8}"
EndProject
Global
	GlobalSection(SolutionConfigurationPlatforms) = preSolution
		Debug|Any CPU = Debug|Any CPU
		Release|Any CPU = Release|Any CPU
	EndGlobalSection
	GlobalSection(ProjectConfigurationPlatforms) = postSolution
		{909BC13D-7AF9-4B7C-B71F-7EB7527246C0}.Debug|Any CPU.ActiveCfg = Debug|Any CPU
		{909BC13D-7AF9-4B7C-B71F-7EB7527246C0}.Debug|Any CPU.Build.0 = Debug|Any CPU
		{909BC13D-7AF9-4B7C-B71F-7EB7527246C0}.Release|Any CPU.ActiveCfg = Release|Any CPU
		{909BC13D-7AF9-4B7C-B71F-7EB7527246C0}.Release|Any CPU.Build.0 = Release|Any CPU
		{B5C95CB3-56FA-4FF0-BDD2-09D3C8170C4E}.Debug|Any CPU.ActiveCfg = Debug|Any CPU
		{B5C95CB3-56FA-4FF0-BDD2-09D3C8170C4E}.Debug|Any CPU.Build.0 = Debug|Any CPU
		{B5C95CB3-56FA-4FF0-BDD2-09D3C8170C4E}.Release|Any CPU.ActiveCfg = Release|Any CPU
		{B5C95CB3-56FA-4FF0-BDD2-09D3C8170C4E}.Release|Any CPU.Build.0 = Release|Any CPU
		{31896EC4-0493-4DB7-A409-CEB72FF742A7}.Debug|Any CPU.ActiveCfg = Debug|Any CPU
		{31896EC4-0493-4DB7-A409-CEB72FF742A7}.Debug|Any CPU.Build.0 = Debug|Any CPU
		{31896EC4-0493-4DB7-A409-CEB72FF742A7}.Release|Any CPU.ActiveCfg = Release|Any CPU
		{31896EC4-0493-4DB7-A409-CEB72FF742A7}.Release|Any CPU.Build.0 = Release|Any CPU
		{B815607D-CB39-4196-B9F4-70FFADB71AF8}.Debug|Any CPU.ActiveCfg = Debug|Any CPU
		{B815607D-CB39-4196-B9F4-70FFADB71AF8}.Debug|Any CPU.Build.0 = Debug|Any CPU
		{B815607D-CB39-4196-B9F4-70FFADB71AF8}.Release|Any CPU.ActiveCfg = Release|Any CPU
		{B815607D-CB39-4196-B9F4-70FFADB71AF8}.Release|Any CPU.Build.0 = Release|Any CPU
	EndGlobalSection
	GlobalSection(SolutionProperties) = preSolution
		HideSolutionNode = FALSE
	EndGlobalSection
	GlobalSection(ExtensibilityGlobals) = postSolution
		SolutionGuid = {E9CC08F5-D19F-4633-891C-2E7E12F2A2D3}
	EndGlobalSection
EndGlobal
